
Microsoft Visual Studio Solution File, Format Version 12.00
# Visual Studio Version 17
VisualStudioVersion = 17.3.32505.426
MinimumVisualStudioVersion = 10.0.40219.1
Project("{9A19103F-16F7-4668-BE54-9A1E7A4F7556}") = "RomanToInteger", "RomanToInteger\RomanToInteger.csproj", "{9923D4DE-1839-40F8-B6B6-054AB13F3EA5}"
EndProject
Project("{9A19103F-16F7-4668-BE54-9A1E7A4F7556}") = "ReverseString", "ReverseString\ReverseString.csproj", "{9E4193B8-2091-4F85-945B-C0D9E1F8209A}"
EndProject
Project("{9A19103F-16F7-4668-BE54-9A1E7A4F7556}") = "Algorithms", "Algorithms\Algorithms.csproj", "{9B6733A0-4E02-4AF9-829E-03F547DC65EE}"
EndProject
Project("{9A19103F-16F7-4668-BE54-9A1E7A4F7556}") = "DataStructures", "DataStructures\DataStructures.csproj", "{AD1A2C40-EECE-4A06-B353-3E6FD705E49F}"
EndProject
Project("{9A19103F-16F7-4668-BE54-9A1E7A4F7556}") = "TwoSum", "TwoSum\TwoSum.csproj", "{9CCBC16E-11B7-4871-B353-8B243928ABFB}"
EndProject
Project("{9A19103F-16F7-4668-BE54-9A1E7A4F7556}") = "AddTwoNumbers", "AddTwoNumbers\AddTwoNumbers.csproj", "{DBC131DE-FEEC-4CC4-BD49-92455E738BDC}"
EndProject
Project("{9A19103F-16F7-4668-BE54-9A1E7A4F7556}") = "LongestSubstringWithoutRepeatingCharacters", "LongestSubstringWithoutRepeatingCharacters\LongestSubstringWithoutRepeatingCharacters.csproj", "{F2A07613-0409-43C6-A623-BEAF66B8D539}"
EndProject
Project("{9A19103F-16F7-4668-BE54-9A1E7A4F7556}") = "LongestPalindromicSubstring", "LongestPalindromicSubstring\LongestPalindromicSubstring.csproj", "{4254E6E6-0863-4449-A848-BFC6009386A7}"
EndProject
Project("{9A19103F-16F7-4668-BE54-9A1E7A4F7556}") = "PalindromeNumber", "PalindromeNumber\PalindromeNumber.csproj", "{DD9BCCFD-0A20-441A-A55C-F6CF3EF23801}"
EndProject
Project("{9A19103F-16F7-4668-BE54-9A1E7A4F7556}") = "LongestCommonPrefix", "LongestCommonPrefix\LongestCommonPrefix.csproj", "{A187F431-1BE8-4941-B6E5-A6CE1051837D}"
EndProject
Project("{9A19103F-16F7-4668-BE54-9A1E7A4F7556}") = "ValidParentheses", "ValidParentheses\ValidParentheses.csproj", "{AD256E16-A885-42A9-B7B8-762319735484}"
EndProject
Project("{9A19103F-16F7-4668-BE54-9A1E7A4F7556}") = "MergeTwoSortedLists", "MergeTwoSortedLists\MergeTwoSortedLists.csproj", "{5937CB21-5C46-4BF2-BEF2-ABCEACCF79D1}"
EndProject
Project("{9A19103F-16F7-4668-BE54-9A1E7A4F7556}") = "RemoveDuplicatesFromSortedArray", "RemoveDuplicatesFromSortedArray\RemoveDuplicatesFromSortedArray.csproj", "{7A997E54-F5AB-4C6D-9D35-F9831911B686}"
EndProject
Project("{9A19103F-16F7-4668-BE54-9A1E7A4F7556}") = "RemoveElement", "RemoveElement\RemoveElement.csproj", "{085BD93B-E3A7-4374-9413-67024E296A78}"
EndProject
Project("{9A19103F-16F7-4668-BE54-9A1E7A4F7556}") = "ImplementStrStr", "ImplementStrStr\ImplementStrStr.csproj", "{C03C2EB6-53B6-4AE7-A7D9-F666370BAAC4}"
EndProject
Project("{9A19103F-16F7-4668-BE54-9A1E7A4F7556}") = "ContainsDuplicate", "ContainsDuplicate\ContainsDuplicate.csproj", "{FF19909C-60FE-4936-9E71-3E5CA6D98BE1}"
EndProject
Project("{9A19103F-16F7-4668-BE54-9A1E7A4F7556}") = "MaximumSubarray", "MaximumSubarray\MaximumSubarray.csproj", "{8B901E31-1A77-4280-9332-507741EC3155}"
EndProject
Project("{9A19103F-16F7-4668-BE54-9A1E7A4F7556}") = "SearchInsertPosition", "SearchInsertPosition\SearchInsertPosition.csproj", "{BD6FD168-1E9C-4F04-9B23-D5A01805C451}"
EndProject
Project("{9A19103F-16F7-4668-BE54-9A1E7A4F7556}") = "LengthOfLastWord", "LengthOfLastWord\LengthOfLastWord.csproj", "{EBFA89D0-29CE-4826-B3E4-B63ADAF24420}"
EndProject
Project("{9A19103F-16F7-4668-BE54-9A1E7A4F7556}") = "ZigzagConversion", "ZigzagConversion\ZigzagConversion.csproj", "{55AE18C8-BF04-49C6-B1DD-C8585B8DD65D}"
EndProject
Project("{9A19103F-16F7-4668-BE54-9A1E7A4F7556}") = "PlusOne", "PlusOne\PlusOne.csproj", "{9B122657-0122-49E1-BD40-E402535715EC}"
EndProject
Project("{9A19103F-16F7-4668-BE54-9A1E7A4F7556}") = "AddBinary", "AddBinary\AddBinary.csproj", "{1B229342-772F-425A-AED2-9D1024A94EB4}"
EndProject
Project("{9A19103F-16F7-4668-BE54-9A1E7A4F7556}") = "AllOoneDataStructure", "AllOoneDataStructure\AllOoneDataStructure.csproj", "{27D84E4A-879D-4012-A0AA-D2E5B9A2BF5D}"
EndProject
Project("{9A19103F-16F7-4668-BE54-9A1E7A4F7556}") = "SqrtX", "SqrtX\SqrtX.csproj", "{03EDA0E2-9BA2-4BD8-B314-468B33567790}"
EndProject
Project("{FAE04EC0-301F-11D3-BF4B-00C04F79EFBC}") = "Triangle", "Triangle\Triangle.csproj", "{12636E8F-C53E-4656-AB90-2BEEED16439E}"
EndProject
Project("{FAE04EC0-301F-11D3-BF4B-00C04F79EFBC}") = "EggDropWithTwoEggsAndNFloors", "EggDropWithTwoEggsAndNFloors\EggDropWithTwoEggsAndNFloors.csproj", "{7E61D430-E2E0-4C10-8E97-CBDD6D315F8D}"
EndProject
Project("{FAE04EC0-301F-11D3-BF4B-00C04F79EFBC}") = "TextEditor", "TextEditor\TextEditor.csproj", "{169769D8-FFA5-4490-B02E-387100BBAA21}"
EndProject
Global
	GlobalSection(SolutionConfigurationPlatforms) = preSolution
		Debug|Any CPU = Debug|Any CPU
		Release|Any CPU = Release|Any CPU
	EndGlobalSection
	GlobalSection(ProjectConfigurationPlatforms) = postSolution
		{9923D4DE-1839-40F8-B6B6-054AB13F3EA5}.Debug|Any CPU.ActiveCfg = Debug|Any CPU
		{9923D4DE-1839-40F8-B6B6-054AB13F3EA5}.Debug|Any CPU.Build.0 = Debug|Any CPU
		{9923D4DE-1839-40F8-B6B6-054AB13F3EA5}.Release|Any CPU.ActiveCfg = Release|Any CPU
		{9923D4DE-1839-40F8-B6B6-054AB13F3EA5}.Release|Any CPU.Build.0 = Release|Any CPU
		{9E4193B8-2091-4F85-945B-C0D9E1F8209A}.Debug|Any CPU.ActiveCfg = Debug|Any CPU
		{9E4193B8-2091-4F85-945B-C0D9E1F8209A}.Debug|Any CPU.Build.0 = Debug|Any CPU
		{9E4193B8-2091-4F85-945B-C0D9E1F8209A}.Release|Any CPU.ActiveCfg = Release|Any CPU
		{9E4193B8-2091-4F85-945B-C0D9E1F8209A}.Release|Any CPU.Build.0 = Release|Any CPU
		{9B6733A0-4E02-4AF9-829E-03F547DC65EE}.Debug|Any CPU.ActiveCfg = Debug|Any CPU
		{9B6733A0-4E02-4AF9-829E-03F547DC65EE}.Debug|Any CPU.Build.0 = Debug|Any CPU
		{9B6733A0-4E02-4AF9-829E-03F547DC65EE}.Release|Any CPU.ActiveCfg = Release|Any CPU
		{9B6733A0-4E02-4AF9-829E-03F547DC65EE}.Release|Any CPU.Build.0 = Release|Any CPU
		{AD1A2C40-EECE-4A06-B353-3E6FD705E49F}.Debug|Any CPU.ActiveCfg = Debug|Any CPU
		{AD1A2C40-EECE-4A06-B353-3E6FD705E49F}.Debug|Any CPU.Build.0 = Debug|Any CPU
		{AD1A2C40-EECE-4A06-B353-3E6FD705E49F}.Release|Any CPU.ActiveCfg = Release|Any CPU
		{AD1A2C40-EECE-4A06-B353-3E6FD705E49F}.Release|Any CPU.Build.0 = Release|Any CPU
		{9CCBC16E-11B7-4871-B353-8B243928ABFB}.Debug|Any CPU.ActiveCfg = Debug|Any CPU
		{9CCBC16E-11B7-4871-B353-8B243928ABFB}.Debug|Any CPU.Build.0 = Debug|Any CPU
		{9CCBC16E-11B7-4871-B353-8B243928ABFB}.Release|Any CPU.ActiveCfg = Release|Any CPU
		{9CCBC16E-11B7-4871-B353-8B243928ABFB}.Release|Any CPU.Build.0 = Release|Any CPU
		{DBC131DE-FEEC-4CC4-BD49-92455E738BDC}.Debug|Any CPU.ActiveCfg = Debug|Any CPU
		{DBC131DE-FEEC-4CC4-BD49-92455E738BDC}.Debug|Any CPU.Build.0 = Debug|Any CPU
		{DBC131DE-FEEC-4CC4-BD49-92455E738BDC}.Release|Any CPU.ActiveCfg = Release|Any CPU
		{DBC131DE-FEEC-4CC4-BD49-92455E738BDC}.Release|Any CPU.Build.0 = Release|Any CPU
		{F2A07613-0409-43C6-A623-BEAF66B8D539}.Debug|Any CPU.ActiveCfg = Debug|Any CPU
		{F2A07613-0409-43C6-A623-BEAF66B8D539}.Debug|Any CPU.Build.0 = Debug|Any CPU
		{F2A07613-0409-43C6-A623-BEAF66B8D539}.Release|Any CPU.ActiveCfg = Release|Any CPU
		{F2A07613-0409-43C6-A623-BEAF66B8D539}.Release|Any CPU.Build.0 = Release|Any CPU
		{4254E6E6-0863-4449-A848-BFC6009386A7}.Debug|Any CPU.ActiveCfg = Debug|Any CPU
		{4254E6E6-0863-4449-A848-BFC6009386A7}.Debug|Any CPU.Build.0 = Debug|Any CPU
		{4254E6E6-0863-4449-A848-BFC6009386A7}.Release|Any CPU.ActiveCfg = Release|Any CPU
		{4254E6E6-0863-4449-A848-BFC6009386A7}.Release|Any CPU.Build.0 = Release|Any CPU
		{DD9BCCFD-0A20-441A-A55C-F6CF3EF23801}.Debug|Any CPU.ActiveCfg = Debug|Any CPU
		{DD9BCCFD-0A20-441A-A55C-F6CF3EF23801}.Debug|Any CPU.Build.0 = Debug|Any CPU
		{DD9BCCFD-0A20-441A-A55C-F6CF3EF23801}.Release|Any CPU.ActiveCfg = Release|Any CPU
		{DD9BCCFD-0A20-441A-A55C-F6CF3EF23801}.Release|Any CPU.Build.0 = Release|Any CPU
		{A187F431-1BE8-4941-B6E5-A6CE1051837D}.Debug|Any CPU.ActiveCfg = Debug|Any CPU
		{A187F431-1BE8-4941-B6E5-A6CE1051837D}.Debug|Any CPU.Build.0 = Debug|Any CPU
		{A187F431-1BE8-4941-B6E5-A6CE1051837D}.Release|Any CPU.ActiveCfg = Release|Any CPU
		{A187F431-1BE8-4941-B6E5-A6CE1051837D}.Release|Any CPU.Build.0 = Release|Any CPU
		{AD256E16-A885-42A9-B7B8-762319735484}.Debug|Any CPU.ActiveCfg = Debug|Any CPU
		{AD256E16-A885-42A9-B7B8-762319735484}.Debug|Any CPU.Build.0 = Debug|Any CPU
		{AD256E16-A885-42A9-B7B8-762319735484}.Release|Any CPU.ActiveCfg = Release|Any CPU
		{AD256E16-A885-42A9-B7B8-762319735484}.Release|Any CPU.Build.0 = Release|Any CPU
		{5937CB21-5C46-4BF2-BEF2-ABCEACCF79D1}.Debug|Any CPU.ActiveCfg = Debug|Any CPU
		{5937CB21-5C46-4BF2-BEF2-ABCEACCF79D1}.Debug|Any CPU.Build.0 = Debug|Any CPU
		{5937CB21-5C46-4BF2-BEF2-ABCEACCF79D1}.Release|Any CPU.ActiveCfg = Release|Any CPU
		{5937CB21-5C46-4BF2-BEF2-ABCEACCF79D1}.Release|Any CPU.Build.0 = Release|Any CPU
		{7A997E54-F5AB-4C6D-9D35-F9831911B686}.Debug|Any CPU.ActiveCfg = Debug|Any CPU
		{7A997E54-F5AB-4C6D-9D35-F9831911B686}.Debug|Any CPU.Build.0 = Debug|Any CPU
		{7A997E54-F5AB-4C6D-9D35-F9831911B686}.Release|Any CPU.ActiveCfg = Release|Any CPU
		{7A997E54-F5AB-4C6D-9D35-F9831911B686}.Release|Any CPU.Build.0 = Release|Any CPU
		{085BD93B-E3A7-4374-9413-67024E296A78}.Debug|Any CPU.ActiveCfg = Debug|Any CPU
		{085BD93B-E3A7-4374-9413-67024E296A78}.Debug|Any CPU.Build.0 = Debug|Any CPU
		{085BD93B-E3A7-4374-9413-67024E296A78}.Release|Any CPU.ActiveCfg = Release|Any CPU
		{085BD93B-E3A7-4374-9413-67024E296A78}.Release|Any CPU.Build.0 = Release|Any CPU
		{C03C2EB6-53B6-4AE7-A7D9-F666370BAAC4}.Debug|Any CPU.ActiveCfg = Debug|Any CPU
		{C03C2EB6-53B6-4AE7-A7D9-F666370BAAC4}.Debug|Any CPU.Build.0 = Debug|Any CPU
		{C03C2EB6-53B6-4AE7-A7D9-F666370BAAC4}.Release|Any CPU.ActiveCfg = Release|Any CPU
		{C03C2EB6-53B6-4AE7-A7D9-F666370BAAC4}.Release|Any CPU.Build.0 = Release|Any CPU
		{FF19909C-60FE-4936-9E71-3E5CA6D98BE1}.Debug|Any CPU.ActiveCfg = Debug|Any CPU
		{FF19909C-60FE-4936-9E71-3E5CA6D98BE1}.Debug|Any CPU.Build.0 = Debug|Any CPU
		{FF19909C-60FE-4936-9E71-3E5CA6D98BE1}.Release|Any CPU.ActiveCfg = Release|Any CPU
		{FF19909C-60FE-4936-9E71-3E5CA6D98BE1}.Release|Any CPU.Build.0 = Release|Any CPU
		{8B901E31-1A77-4280-9332-507741EC3155}.Debug|Any CPU.ActiveCfg = Debug|Any CPU
		{8B901E31-1A77-4280-9332-507741EC3155}.Debug|Any CPU.Build.0 = Debug|Any CPU
		{8B901E31-1A77-4280-9332-507741EC3155}.Release|Any CPU.ActiveCfg = Release|Any CPU
		{8B901E31-1A77-4280-9332-507741EC3155}.Release|Any CPU.Build.0 = Release|Any CPU
		{BD6FD168-1E9C-4F04-9B23-D5A01805C451}.Debug|Any CPU.ActiveCfg = Debug|Any CPU
		{BD6FD168-1E9C-4F04-9B23-D5A01805C451}.Debug|Any CPU.Build.0 = Debug|Any CPU
		{BD6FD168-1E9C-4F04-9B23-D5A01805C451}.Release|Any CPU.ActiveCfg = Release|Any CPU
		{BD6FD168-1E9C-4F04-9B23-D5A01805C451}.Release|Any CPU.Build.0 = Release|Any CPU
		{EBFA89D0-29CE-4826-B3E4-B63ADAF24420}.Debug|Any CPU.ActiveCfg = Debug|Any CPU
		{EBFA89D0-29CE-4826-B3E4-B63ADAF24420}.Debug|Any CPU.Build.0 = Debug|Any CPU
		{EBFA89D0-29CE-4826-B3E4-B63ADAF24420}.Release|Any CPU.ActiveCfg = Release|Any CPU
		{EBFA89D0-29CE-4826-B3E4-B63ADAF24420}.Release|Any CPU.Build.0 = Release|Any CPU
		{55AE18C8-BF04-49C6-B1DD-C8585B8DD65D}.Debug|Any CPU.ActiveCfg = Debug|Any CPU
		{55AE18C8-BF04-49C6-B1DD-C8585B8DD65D}.Debug|Any CPU.Build.0 = Debug|Any CPU
		{55AE18C8-BF04-49C6-B1DD-C8585B8DD65D}.Release|Any CPU.ActiveCfg = Release|Any CPU
		{55AE18C8-BF04-49C6-B1DD-C8585B8DD65D}.Release|Any CPU.Build.0 = Release|Any CPU
		{9B122657-0122-49E1-BD40-E402535715EC}.Debug|Any CPU.ActiveCfg = Debug|Any CPU
		{9B122657-0122-49E1-BD40-E402535715EC}.Debug|Any CPU.Build.0 = Debug|Any CPU
		{9B122657-0122-49E1-BD40-E402535715EC}.Release|Any CPU.ActiveCfg = Release|Any CPU
		{9B122657-0122-49E1-BD40-E402535715EC}.Release|Any CPU.Build.0 = Release|Any CPU
		{1B229342-772F-425A-AED2-9D1024A94EB4}.Debug|Any CPU.ActiveCfg = Debug|Any CPU
		{1B229342-772F-425A-AED2-9D1024A94EB4}.Debug|Any CPU.Build.0 = Debug|Any CPU
		{1B229342-772F-425A-AED2-9D1024A94EB4}.Release|Any CPU.ActiveCfg = Release|Any CPU
		{1B229342-772F-425A-AED2-9D1024A94EB4}.Release|Any CPU.Build.0 = Release|Any CPU
		{27D84E4A-879D-4012-A0AA-D2E5B9A2BF5D}.Debug|Any CPU.ActiveCfg = Debug|Any CPU
		{27D84E4A-879D-4012-A0AA-D2E5B9A2BF5D}.Debug|Any CPU.Build.0 = Debug|Any CPU
		{27D84E4A-879D-4012-A0AA-D2E5B9A2BF5D}.Release|Any CPU.ActiveCfg = Release|Any CPU
		{27D84E4A-879D-4012-A0AA-D2E5B9A2BF5D}.Release|Any CPU.Build.0 = Release|Any CPU
		{03EDA0E2-9BA2-4BD8-B314-468B33567790}.Debug|Any CPU.ActiveCfg = Debug|Any CPU
		{03EDA0E2-9BA2-4BD8-B314-468B33567790}.Debug|Any CPU.Build.0 = Debug|Any CPU
		{03EDA0E2-9BA2-4BD8-B314-468B33567790}.Release|Any CPU.ActiveCfg = Release|Any CPU
		{03EDA0E2-9BA2-4BD8-B314-468B33567790}.Release|Any CPU.Build.0 = Release|Any CPU
		{12636E8F-C53E-4656-AB90-2BEEED16439E}.Debug|Any CPU.ActiveCfg = Debug|Any CPU
		{12636E8F-C53E-4656-AB90-2BEEED16439E}.Debug|Any CPU.Build.0 = Debug|Any CPU
		{12636E8F-C53E-4656-AB90-2BEEED16439E}.Release|Any CPU.ActiveCfg = Release|Any CPU
		{12636E8F-C53E-4656-AB90-2BEEED16439E}.Release|Any CPU.Build.0 = Release|Any CPU
		{7E61D430-E2E0-4C10-8E97-CBDD6D315F8D}.Debug|Any CPU.ActiveCfg = Debug|Any CPU
		{7E61D430-E2E0-4C10-8E97-CBDD6D315F8D}.Debug|Any CPU.Build.0 = Debug|Any CPU
		{7E61D430-E2E0-4C10-8E97-CBDD6D315F8D}.Release|Any CPU.ActiveCfg = Release|Any CPU
		{7E61D430-E2E0-4C10-8E97-CBDD6D315F8D}.Release|Any CPU.Build.0 = Release|Any CPU
		{169769D8-FFA5-4490-B02E-387100BBAA21}.Debug|Any CPU.ActiveCfg = Debug|Any CPU
		{169769D8-FFA5-4490-B02E-387100BBAA21}.Debug|Any CPU.Build.0 = Debug|Any CPU
		{169769D8-FFA5-4490-B02E-387100BBAA21}.Release|Any CPU.ActiveCfg = Release|Any CPU
		{169769D8-FFA5-4490-B02E-387100BBAA21}.Release|Any CPU.Build.0 = Release|Any CPU
	EndGlobalSection
	GlobalSection(SolutionProperties) = preSolution
		HideSolutionNode = FALSE
	EndGlobalSection
	GlobalSection(ExtensibilityGlobals) = postSolution
		SolutionGuid = {5B7B0D90-2E7C-4497-9615-04FE6BB9F4B0}
	EndGlobalSection
EndGlobal
