
Microsoft Visual Studio Solution File, Format Version 12.00
# Visual Studio Version 17
VisualStudioVersion = 17.3.32505.426
MinimumVisualStudioVersion = 10.0.40219.1
Project("{9A19103F-16F7-4668-BE54-9A1E7A4F7556}") = "RomanToInteger", "RomanToInteger\RomanToInteger.csproj", "{9923D4DE-1839-40F8-B6B6-054AB13F3EA5}"
EndProject
Project("{9A19103F-16F7-4668-BE54-9A1E7A4F7556}") = "ReverseString", "ReverseString\ReverseString.csproj", "{9E4193B8-2091-4F85-945B-C0D9E1F8209A}"
EndProject
Project("{9A19103F-16F7-4668-BE54-9A1E7A4F7556}") = "Algorithms", "Algorithms\Algorithms.csproj", "{9B6733A0-4E02-4AF9-829E-03F547DC65EE}"
EndProject
Project("{9A19103F-16F7-4668-BE54-9A1E7A4F7556}") = "DataStructures", "DataStructures\DataStructures.csproj", "{AD1A2C40-EECE-4A06-B353-3E6FD705E49F}"
EndProject
Project("{9A19103F-16F7-4668-BE54-9A1E7A4F7556}") = "TwoSum", "TwoSum\TwoSum.csproj", "{9CCBC16E-11B7-4871-B353-8B243928ABFB}"
EndProject
Project("{9A19103F-16F7-4668-BE54-9A1E7A4F7556}") = "AddTwoNumbers", "AddTwoNumbers\AddTwoNumbers.csproj", "{DBC131DE-FEEC-4CC4-BD49-92455E738BDC}"
EndProject
Project("{9A19103F-16F7-4668-BE54-9A1E7A4F7556}") = "LongestSubstringWithoutRepeatingCharacters", "LongestSubstringWithoutRepeatingCharacters\LongestSubstringWithoutRepeatingCharacters.csproj", "{F2A07613-0409-43C6-A623-BEAF66B8D539}"
EndProject
Project("{9A19103F-16F7-4668-BE54-9A1E7A4F7556}") = "LongestPalindromicSubstring", "LongestPalindromicSubstring\LongestPalindromicSubstring.csproj", "{4254E6E6-0863-4449-A848-BFC6009386A7}"
EndProject
Project("{9A19103F-16F7-4668-BE54-9A1E7A4F7556}") = "PalindromeNumber", "PalindromeNumber\PalindromeNumber.csproj", "{DD9BCCFD-0A20-441A-A55C-F6CF3EF23801}"
EndProject
Project("{9A19103F-16F7-4668-BE54-9A1E7A4F7556}") = "LongestCommonPrefix", "LongestCommonPrefix\LongestCommonPrefix.csproj", "{A187F431-1BE8-4941-B6E5-A6CE1051837D}"
EndProject
Project("{9A19103F-16F7-4668-BE54-9A1E7A4F7556}") = "ValidParentheses", "ValidParentheses\ValidParentheses.csproj", "{AD256E16-A885-42A9-B7B8-762319735484}"
EndProject
Project("{9A19103F-16F7-4668-BE54-9A1E7A4F7556}") = "MergeTwoSortedLists", "MergeTwoSortedLists\MergeTwoSortedLists.csproj", "{5937CB21-5C46-4BF2-BEF2-ABCEACCF79D1}"
EndProject
Project("{9A19103F-16F7-4668-BE54-9A1E7A4F7556}") = "RemoveDuplicatesFromSortedArray", "RemoveDuplicatesFromSortedArray\RemoveDuplicatesFromSortedArray.csproj", "{7A997E54-F5AB-4C6D-9D35-F9831911B686}"
EndProject
Project("{9A19103F-16F7-4668-BE54-9A1E7A4F7556}") = "RemoveElement", "RemoveElement\RemoveElement.csproj", "{085BD93B-E3A7-4374-9413-67024E296A78}"
EndProject
Project("{9A19103F-16F7-4668-BE54-9A1E7A4F7556}") = "ImplementStrStr", "ImplementStrStr\ImplementStrStr.csproj", "{C03C2EB6-53B6-4AE7-A7D9-F666370BAAC4}"
EndProject
Project("{9A19103F-16F7-4668-BE54-9A1E7A4F7556}") = "ContainsDuplicate", "ContainsDuplicate\ContainsDuplicate.csproj", "{FF19909C-60FE-4936-9E71-3E5CA6D98BE1}"
EndProject
Project("{9A19103F-16F7-4668-BE54-9A1E7A4F7556}") = "MaximumSubarray", "MaximumSubarray\MaximumSubarray.csproj", "{8B901E31-1A77-4280-9332-507741EC3155}"
EndProject
Project("{9A19103F-16F7-4668-BE54-9A1E7A4F7556}") = "SearchInsertPosition", "SearchInsertPosition\SearchInsertPosition.csproj", "{BD6FD168-1E9C-4F04-9B23-D5A01805C451}"
EndProject
Project("{9A19103F-16F7-4668-BE54-9A1E7A4F7556}") = "LengthOfLastWord", "LengthOfLastWord\LengthOfLastWord.csproj", "{EBFA89D0-29CE-4826-B3E4-B63ADAF24420}"
EndProject
Project("{9A19103F-16F7-4668-BE54-9A1E7A4F7556}") = "ZigzagConversion", "ZigzagConversion\ZigzagConversion.csproj", "{55AE18C8-BF04-49C6-B1DD-C8585B8DD65D}"
EndProject
Project("{9A19103F-16F7-4668-BE54-9A1E7A4F7556}") = "PlusOne", "PlusOne\PlusOne.csproj", "{9B122657-0122-49E1-BD40-E402535715EC}"
EndProject
Project("{9A19103F-16F7-4668-BE54-9A1E7A4F7556}") = "AddBinary", "AddBinary\AddBinary.csproj", "{1B229342-772F-425A-AED2-9D1024A94EB4}"
EndProject
Project("{9A19103F-16F7-4668-BE54-9A1E7A4F7556}") = "AllOoneDataStructure", "AllOoneDataStructure\AllOoneDataStructure.csproj", "{27D84E4A-879D-4012-A0AA-D2E5B9A2BF5D}"
EndProject
Project("{9A19103F-16F7-4668-BE54-9A1E7A4F7556}") = "SqrtX", "SqrtX\SqrtX.csproj", "{03EDA0E2-9BA2-4BD8-B314-468B33567790}"
EndProject
Project("{9A19103F-16F7-4668-BE54-9A1E7A4F7556}") = "Triangle", "Triangle\Triangle.csproj", "{12636E8F-C53E-4656-AB90-2BEEED16439E}"
EndProject
Project("{9A19103F-16F7-4668-BE54-9A1E7A4F7556}") = "EggDropWithTwoEggsAndNFloors", "EggDropWithTwoEggsAndNFloors\EggDropWithTwoEggsAndNFloors.csproj", "{7E61D430-E2E0-4C10-8E97-CBDD6D315F8D}"
EndProject
Project("{9A19103F-16F7-4668-BE54-9A1E7A4F7556}") = "TextEditor", "TextEditor\TextEditor.csproj", "{169769D8-FFA5-4490-B02E-387100BBAA21}"
EndProject
Project("{9A19103F-16F7-4668-BE54-9A1E7A4F7556}") = "MergeSortedArray", "MergeSortedArray\MergeSortedArray.csproj", "{ACFF97D1-18B7-4458-BA53-8A89468E18AB}"
EndProject
Project("{9A19103F-16F7-4668-BE54-9A1E7A4F7556}") = "IntersectionOfTwoArraysTwo", "IntersectionOfTwoArraysTwo\IntersectionOfTwoArraysTwo.csproj", "{800D2300-D2D8-4166-852C-7C1CF2F5133A}"
EndProject
Project("{9A19103F-16F7-4668-BE54-9A1E7A4F7556}") = "BestTimeToBuyAndSellStock", "BestTimeToBuyAndSellStock\BestTimeToBuyAndSellStock.csproj", "{D7818C92-1306-42AE-A1D6-D316B4C4BB87}"
EndProject
Project("{9A19103F-16F7-4668-BE54-9A1E7A4F7556}") = "ReshapeTheMatrix", "ReshapeTheMatrix\ReshapeTheMatrix.csproj", "{FE4FCC06-DB20-44D9-BE5F-77A785D2AF2D}"
EndProject
Project("{9A19103F-16F7-4668-BE54-9A1E7A4F7556}") = "PascalsTriangle", "PascalsTriangle\PascalsTriangle.csproj", "{6ED56D26-121E-40D3-8BC8-E1E050C8555B}"
EndProject
Project("{9A19103F-16F7-4668-BE54-9A1E7A4F7556}") = "FirstUniqueCharacterInAString", "FirstUniqueCharacterInAString\FirstUniqueCharacterInAString.csproj", "{8F630985-B230-486A-9188-1100782B12FB}"
EndProject
Project("{9A19103F-16F7-4668-BE54-9A1E7A4F7556}") = "RansomNote", "RansomNote\RansomNote.csproj", "{8E71AD6C-85EA-4DF6-84CD-96263BB6FF17}"
EndProject
Project("{9A19103F-16F7-4668-BE54-9A1E7A4F7556}") = "ValidAnagram", "ValidAnagram\ValidAnagram.csproj", "{B5D15572-D046-4574-9E14-AFC41D2EB3A6}"
EndProject
Project("{9A19103F-16F7-4668-BE54-9A1E7A4F7556}") = "ValidSudoku", "ValidSudoku\ValidSudoku.csproj", "{49F6C70C-70A6-456F-BA23-4419DAA70437}"
EndProject
Project("{9A19103F-16F7-4668-BE54-9A1E7A4F7556}") = "SearchA2DArray", "SearchA2DArray\SearchA2DArray.csproj", "{941B096C-8417-4886-A853-B3111930AFC7}"
EndProject
Project("{9A19103F-16F7-4668-BE54-9A1E7A4F7556}") = "LinkedListCycle", "LinkedListCycle\LinkedListCycle.csproj", "{B3C370A9-3DAC-4C22-B409-D287B2F8A830}"
EndProject
Project("{9A19103F-16F7-4668-BE54-9A1E7A4F7556}") = "RemovedLinkedListElements", "RemovedLinkedListElements\RemovedLinkedListElements.csproj", "{86199858-B873-42F5-A31E-0C199CF75DC4}"
EndProject
Project("{9A19103F-16F7-4668-BE54-9A1E7A4F7556}") = "ReverseLinkedList", "ReverseLinkedList\ReverseLinkedList.csproj", "{E1AE3480-50B5-4B62-A1C8-C6B8651C3FB6}"
EndProject
Project("{9A19103F-16F7-4668-BE54-9A1E7A4F7556}") = "RemoveDuplicatesFromSortedList", "RemoveDuplicatesFromSortedList\RemoveDuplicatesFromSortedList.csproj", "{D06FB77C-D0A8-41E1-A1F1-7924C54C781B}"
EndProject
Project("{9A19103F-16F7-4668-BE54-9A1E7A4F7556}") = "ImplementQueueUsingStacks", "ImplementQueueUsingStacks\ImplementQueueUsingStacks.csproj", "{AAD2EA67-406D-4F16-B8EC-61B5E1DE2B9B}"
EndProject
Project("{9A19103F-16F7-4668-BE54-9A1E7A4F7556}") = "BinarySearch", "BinarySearch\BinarySearch.csproj", "{312FD1EB-AB71-46AC-A360-94F1D366A06B}"
EndProject
Project("{9A19103F-16F7-4668-BE54-9A1E7A4F7556}") = "FirstBadVersion", "FirstBadVersion\FirstBadVersion.csproj", "{CFC66710-2B7D-4C82-855E-D66382D95DBA}"
EndProject
Project("{9A19103F-16F7-4668-BE54-9A1E7A4F7556}") = "ClimbingStairs", "ClimbingStairs\ClimbingStairs.csproj", "{1C424CFA-6C42-4569-BE9B-0A999D3B5589}"
EndProject
Project("{9A19103F-16F7-4668-BE54-9A1E7A4F7556}") = "BinaryTreeInorderTraversal", "BinaryTreeInorderTraversal\BinaryTreeInorderTraversal.csproj", "{97A5687A-47C6-4025-B0F7-C79001C80F9A}"
EndProject
Project("{9A19103F-16F7-4668-BE54-9A1E7A4F7556}") = "BinaryTreePreorderTraversal", "BinaryTreePreorderTraversal\BinaryTreePreorderTraversal.csproj", "{FC931411-815A-43D5-A647-7A583CB8AEB4}"
EndProject
Project("{9A19103F-16F7-4668-BE54-9A1E7A4F7556}") = "BinaryTreePostorderTraversal", "BinaryTreePostorderTraversal\BinaryTreePostorderTraversal.csproj", "{13B435B5-4964-4FFC-9498-8DD4DB998EF8}"
EndProject
Project("{9A19103F-16F7-4668-BE54-9A1E7A4F7556}") = "ReverseInteger", "ReverseInteger\ReverseInteger.csproj", "{F566EB93-442C-4904-9858-9C8C53ADC388}"
EndProject
Project("{9A19103F-16F7-4668-BE54-9A1E7A4F7556}") = "StringToInteger", "StringToInteger\StringToInteger.csproj", "{BF782B17-4716-42DE-8736-814431BD9CDE}"
EndProject
Project("{9A19103F-16F7-4668-BE54-9A1E7A4F7556}") = "SameTree", "SameTree\SameTree.csproj", "{0D2A0962-F767-437B-BD8E-72899AD8F065}"
EndProject
Project("{9A19103F-16F7-4668-BE54-9A1E7A4F7556}") = "BinaryTreeLevelOrderTraversal", "BinaryTreeLevelOrderTraversal\BinaryTreeLevelOrderTraversal.csproj", "{7A788460-69B9-4AFF-AE36-A160D47C9A8C}"
EndProject
Project("{9A19103F-16F7-4668-BE54-9A1E7A4F7556}") = "InsertIntoABinarySearchTree", "InsertIntoABinarySearchTree\InsertIntoABinarySearchTree.csproj", "{C3E10606-72B2-4FD3-9E5F-02D71CCDEAF2}"
EndProject
Project("{9A19103F-16F7-4668-BE54-9A1E7A4F7556}") = "RotateArray", "RotateArray\RotateArray.csproj", "{114B78D3-039B-4666-A30B-AF1F67FDE17E}"
EndProject
Project("{9A19103F-16F7-4668-BE54-9A1E7A4F7556}") = "ReverseStringForArray", "ReverseStringForArray\ReverseStringForArray.csproj", "{8C4020CB-E031-4AA4-8480-B8CCA76EA98C}"
EndProject
Project("{9A19103F-16F7-4668-BE54-9A1E7A4F7556}") = "ReverseWordsInAString2", "ReverseWordsInAString2\ReverseWordsInAString2.csproj", "{33B37904-25D6-4192-A55B-122209248273}"
EndProject
Project("{9A19103F-16F7-4668-BE54-9A1E7A4F7556}") = "MiddleOfTheLinkedList", "MiddleOfTheLinkedList\MiddleOfTheLinkedList.csproj", "{3681DFF2-B84F-489B-9E46-86B6419DFA37}"
EndProject
Project("{9A19103F-16F7-4668-BE54-9A1E7A4F7556}") = "ReverseString2", "ReverseString2\ReverseString2.csproj", "{5F6DCD25-118B-4E5B-8A1F-A3560618EA2F}"
EndProject
Project("{9A19103F-16F7-4668-BE54-9A1E7A4F7556}") = "LowestCommonAncestorOfABinarySearchTree", "LowestCommonAncestorOfABinarySearchTree\LowestCommonAncestorOfABinarySearchTree.csproj", "{20AA41CE-8AD1-4302-A645-2C886BE0589D}"
EndProject
Project("{9A19103F-16F7-4668-BE54-9A1E7A4F7556}") = "TwoSumOfABinarySearchTree4", "TwoSumOfABinarySearchTree4\TwoSumOfABinarySearchTree4.csproj", "{AA326F13-E666-415B-A362-123984C5186A}"
EndProject
Project("{9A19103F-16F7-4668-BE54-9A1E7A4F7556}") = "ValidateBinarySearchTree", "ValidateBinarySearchTree\ValidateBinarySearchTree.csproj", "{D6EEC5BD-C706-4B45-A6EE-4D619565E32E}"
EndProject
Project("{9A19103F-16F7-4668-BE54-9A1E7A4F7556}") = "TwoSum2", "TwoSum2\TwoSum2.csproj", "{AD60D190-8683-4DD6-9962-7B57FC74E3AB}"
EndProject
Project("{9A19103F-16F7-4668-BE54-9A1E7A4F7556}") = "PalindromeString", "PalindromeString\PalindromeString.csproj", "{28630259-4C95-4CAE-9575-3D21744F7E29}"
EndProject
Project("{9A19103F-16F7-4668-BE54-9A1E7A4F7556}") = "SingleNumber", "SingleNumber\SingleNumber.csproj", "{2C57053C-A41E-44AC-9D11-8D2380EBE80D}"
EndProject
Project("{9A19103F-16F7-4668-BE54-9A1E7A4F7556}") = "MajorityElement", "MajorityElement\MajorityElement.csproj", "{41AF66F4-7813-4A08-AD9F-F8C383D63384}"
EndProject
Project("{9A19103F-16F7-4668-BE54-9A1E7A4F7556}") = "ThreeSum", "ThreeSum\ThreeSum.csproj", "{6CEA9D03-5060-4E2D-8F8E-9D3F2703D9F9}"
EndProject
Project("{9A19103F-16F7-4668-BE54-9A1E7A4F7556}") = "RemoveNthNodeFromEndOfList", "RemoveNthNodeFromEndOfList\RemoveNthNodeFromEndOfList.csproj", "{070303BF-C6F2-4A4E-8FE7-A62669E75556}"
EndProject
Project("{9A19103F-16F7-4668-BE54-9A1E7A4F7556}") = "ConvertSortedArrayToBinarySearchTree", "ConvertSortedArrayToBinarySearchTree\ConvertSortedArrayToBinarySearchTree.csproj", "{D9825623-C5FA-4C38-AB71-9DD2E251B587}"
EndProject
Project("{9A19103F-16F7-4668-BE54-9A1E7A4F7556}") = "SequenceOfMoves", "SequenceOfMoves\SequenceOfMoves.csproj", "{BB4B9797-1222-4821-9EBF-E4EC889EDC12}"
EndProject
Project("{9A19103F-16F7-4668-BE54-9A1E7A4F7556}") = "RobotReturnToOrigin", "RobotReturnToOrigin\RobotReturnToOrigin.csproj", "{99C0C6F9-FC0B-4752-BE6F-3AE227D753B1}"
EndProject
Project("{9A19103F-16F7-4668-BE54-9A1E7A4F7556}") = "DailyByte.TwoSum", "DailyByte.TwoSym\DailyByte.TwoSum.csproj", "{5EE03FA7-34B0-4888-B791-97D779167296}"
EndProject
Project("{9A19103F-16F7-4668-BE54-9A1E7A4F7556}") = "DesignHashMap", "DesignHashMap\DesignHashMap.csproj", "{7B160E6C-A7AB-4C6E-9B44-E92AB524D2E7}"
EndProject
Project("{9A19103F-16F7-4668-BE54-9A1E7A4F7556}") = "DailyByte.JewelsAndStones", "DailyByte.JewelsAndStones\DailyByte.JewelsAndStones.csproj", "{A3C5361D-3145-411F-AFC4-B8FF6077D7DF}"
EndProject
Project("{9A19103F-16F7-4668-BE54-9A1E7A4F7556}") = "DailyByte.IsValidAnagram", "DailyByte.IsValidAnagram\DailyByte.IsValidAnagram.csproj", "{0C9D7ED5-FF3A-462F-8618-316D662643E7}"
EndProject
Project("{9A19103F-16F7-4668-BE54-9A1E7A4F7556}") = "DailyByte.FirstUniqueCharacter", "DailyByte.FirstUniqueCharacter\DailyByte.FirstUniqueCharacter.csproj", "{A1F53069-CF66-41F1-B8BD-475647DF4480}"
EndProject
Project("{9A19103F-16F7-4668-BE54-9A1E7A4F7556}") = "DailyByte.UncommonWords", "DailyByte.UncommonWords\DailyByte.UncommonWords.csproj", "{4ED0AC61-F02A-4E12-9B0F-426D84DB01FD}"
EndProject
Project("{9A19103F-16F7-4668-BE54-9A1E7A4F7556}") = "DailyByte.MergeLinkedLists", "DailyByte.MergeLinkedLists\DailyByte.MergeLinkedLists.csproj", "{FFEB9E20-726E-44BF-8637-12DB1D57A0D7}"
EndProject
Project("{9A19103F-16F7-4668-BE54-9A1E7A4F7556}") = "DailyByte.RemoveValue", "DailyByte.RemoveValue\DailyByte.RemoveValue.csproj", "{A9B3E46B-42C4-40DB-B56F-04385C8FA989}"
EndProject
Project("{9A19103F-16F7-4668-BE54-9A1E7A4F7556}") = "PascalsTriangle2", "PascalsTriangle2\PascalsTriangle2.csproj", "{B7291C8A-5425-487D-9233-A8C592B5D899}"
EndProject
Project("{9A19103F-16F7-4668-BE54-9A1E7A4F7556}") = "AddStrings", "AddStrings\AddStrings.csproj", "{51B0D940-27F4-4065-8D11-BF942DC15CE7}"
EndProject
Project("{9A19103F-16F7-4668-BE54-9A1E7A4F7556}") = "DailyByte.FindMiddleElement", "DailyByte.FindMiddleElement\DailyByte.FindMiddleElement.csproj", "{83130EDE-0ABB-4444-84A9-96F68B8F565A}"
EndProject
Project("{9A19103F-16F7-4668-BE54-9A1E7A4F7556}") = "DailyByte.ContainsCycle", "DailyByte.ContainsCycle\DailyByte.ContainsCycle.csproj", "{F6E9F301-91E2-4D97-8D58-4BF04408773B}"
EndProject
Project("{9A19103F-16F7-4668-BE54-9A1E7A4F7556}") = "DailyByte.ReturnStartOfACycle", "DailyByte.ReturnStartOfACycle\DailyByte.ReturnStartOfACycle.csproj", "{2EDE60F6-1365-4A96-BC4C-2667E0A6465D}"
EndProject
Project("{9A19103F-16F7-4668-BE54-9A1E7A4F7556}") = "DailyByte.ReverseList", "DailyByte.ReverseList\DailyByte.ReverseList.csproj", "{E2FDF0E0-57A3-4482-A6A7-40D2A43D5769}"
EndProject
Project("{9A19103F-16F7-4668-BE54-9A1E7A4F7556}") = "DailyByte.ValidateCharacters", "DailyByte.ValidateCharacters\DailyByte.ValidateCharacters.csproj", "{813BFC6C-C03C-448C-B134-3A5E21BECF0B}"
EndProject
Project("{9A19103F-16F7-4668-BE54-9A1E7A4F7556}") = "DailyByte.CompareKeystrokes", "DailyByte.CompareKeystrokes\DailyByte.CompareKeystrokes.csproj", "{4087EA74-4834-4DF3-BDD3-EB9010353A31}"
EndProject
Project("{9A19103F-16F7-4668-BE54-9A1E7A4F7556}") = "DailyByte.RemoveAdjacentDuplicates", "DailyByte.RemoveAdjacentDuplicates\DailyByte.RemoveAdjacentDuplicates.csproj", "{1FFC2B90-DF88-46BF-A293-9C3FDCD5887C}"
EndProject
Project("{9A19103F-16F7-4668-BE54-9A1E7A4F7556}") = "ContainerWithMostWater", "ContainerWithMostWater\ContainerWithMostWater.csproj", "{921C6711-329D-4E44-908A-E9E6BA3385F8}"
EndProject
Project("{9A19103F-16F7-4668-BE54-9A1E7A4F7556}") = "DailyByte.GreaterElements", "DailyByte.GreaterElements\DailyByte.GreaterElements.csproj", "{C8A6E618-E04C-439E-91BF-901A09D059A9}"
EndProject
Project("{FAE04EC0-301F-11D3-BF4B-00C04F79EFBC}") = "DailyByte.CallCounter", "DailyByte.CallCounter\DailyByte.CallCounter.csproj", "{4559ED39-9FCF-4325-927A-AB9B643B5D99}"
EndProject
Global
	GlobalSection(SolutionConfigurationPlatforms) = preSolution
		Debug|Any CPU = Debug|Any CPU
		Release|Any CPU = Release|Any CPU
	EndGlobalSection
	GlobalSection(ProjectConfigurationPlatforms) = postSolution
		{9923D4DE-1839-40F8-B6B6-054AB13F3EA5}.Debug|Any CPU.ActiveCfg = Debug|Any CPU
		{9923D4DE-1839-40F8-B6B6-054AB13F3EA5}.Debug|Any CPU.Build.0 = Debug|Any CPU
		{9923D4DE-1839-40F8-B6B6-054AB13F3EA5}.Release|Any CPU.ActiveCfg = Release|Any CPU
		{9923D4DE-1839-40F8-B6B6-054AB13F3EA5}.Release|Any CPU.Build.0 = Release|Any CPU
		{9E4193B8-2091-4F85-945B-C0D9E1F8209A}.Debug|Any CPU.ActiveCfg = Debug|Any CPU
		{9E4193B8-2091-4F85-945B-C0D9E1F8209A}.Debug|Any CPU.Build.0 = Debug|Any CPU
		{9E4193B8-2091-4F85-945B-C0D9E1F8209A}.Release|Any CPU.ActiveCfg = Release|Any CPU
		{9E4193B8-2091-4F85-945B-C0D9E1F8209A}.Release|Any CPU.Build.0 = Release|Any CPU
		{9B6733A0-4E02-4AF9-829E-03F547DC65EE}.Debug|Any CPU.ActiveCfg = Debug|Any CPU
		{9B6733A0-4E02-4AF9-829E-03F547DC65EE}.Debug|Any CPU.Build.0 = Debug|Any CPU
		{9B6733A0-4E02-4AF9-829E-03F547DC65EE}.Release|Any CPU.ActiveCfg = Release|Any CPU
		{9B6733A0-4E02-4AF9-829E-03F547DC65EE}.Release|Any CPU.Build.0 = Release|Any CPU
		{AD1A2C40-EECE-4A06-B353-3E6FD705E49F}.Debug|Any CPU.ActiveCfg = Debug|Any CPU
		{AD1A2C40-EECE-4A06-B353-3E6FD705E49F}.Debug|Any CPU.Build.0 = Debug|Any CPU
		{AD1A2C40-EECE-4A06-B353-3E6FD705E49F}.Release|Any CPU.ActiveCfg = Release|Any CPU
		{AD1A2C40-EECE-4A06-B353-3E6FD705E49F}.Release|Any CPU.Build.0 = Release|Any CPU
		{9CCBC16E-11B7-4871-B353-8B243928ABFB}.Debug|Any CPU.ActiveCfg = Debug|Any CPU
		{9CCBC16E-11B7-4871-B353-8B243928ABFB}.Debug|Any CPU.Build.0 = Debug|Any CPU
		{9CCBC16E-11B7-4871-B353-8B243928ABFB}.Release|Any CPU.ActiveCfg = Release|Any CPU
		{9CCBC16E-11B7-4871-B353-8B243928ABFB}.Release|Any CPU.Build.0 = Release|Any CPU
		{DBC131DE-FEEC-4CC4-BD49-92455E738BDC}.Debug|Any CPU.ActiveCfg = Debug|Any CPU
		{DBC131DE-FEEC-4CC4-BD49-92455E738BDC}.Debug|Any CPU.Build.0 = Debug|Any CPU
		{DBC131DE-FEEC-4CC4-BD49-92455E738BDC}.Release|Any CPU.ActiveCfg = Release|Any CPU
		{DBC131DE-FEEC-4CC4-BD49-92455E738BDC}.Release|Any CPU.Build.0 = Release|Any CPU
		{F2A07613-0409-43C6-A623-BEAF66B8D539}.Debug|Any CPU.ActiveCfg = Debug|Any CPU
		{F2A07613-0409-43C6-A623-BEAF66B8D539}.Debug|Any CPU.Build.0 = Debug|Any CPU
		{F2A07613-0409-43C6-A623-BEAF66B8D539}.Release|Any CPU.ActiveCfg = Release|Any CPU
		{F2A07613-0409-43C6-A623-BEAF66B8D539}.Release|Any CPU.Build.0 = Release|Any CPU
		{4254E6E6-0863-4449-A848-BFC6009386A7}.Debug|Any CPU.ActiveCfg = Debug|Any CPU
		{4254E6E6-0863-4449-A848-BFC6009386A7}.Debug|Any CPU.Build.0 = Debug|Any CPU
		{4254E6E6-0863-4449-A848-BFC6009386A7}.Release|Any CPU.ActiveCfg = Release|Any CPU
		{4254E6E6-0863-4449-A848-BFC6009386A7}.Release|Any CPU.Build.0 = Release|Any CPU
		{DD9BCCFD-0A20-441A-A55C-F6CF3EF23801}.Debug|Any CPU.ActiveCfg = Debug|Any CPU
		{DD9BCCFD-0A20-441A-A55C-F6CF3EF23801}.Debug|Any CPU.Build.0 = Debug|Any CPU
		{DD9BCCFD-0A20-441A-A55C-F6CF3EF23801}.Release|Any CPU.ActiveCfg = Release|Any CPU
		{DD9BCCFD-0A20-441A-A55C-F6CF3EF23801}.Release|Any CPU.Build.0 = Release|Any CPU
		{A187F431-1BE8-4941-B6E5-A6CE1051837D}.Debug|Any CPU.ActiveCfg = Debug|Any CPU
		{A187F431-1BE8-4941-B6E5-A6CE1051837D}.Debug|Any CPU.Build.0 = Debug|Any CPU
		{A187F431-1BE8-4941-B6E5-A6CE1051837D}.Release|Any CPU.ActiveCfg = Release|Any CPU
		{A187F431-1BE8-4941-B6E5-A6CE1051837D}.Release|Any CPU.Build.0 = Release|Any CPU
		{AD256E16-A885-42A9-B7B8-762319735484}.Debug|Any CPU.ActiveCfg = Debug|Any CPU
		{AD256E16-A885-42A9-B7B8-762319735484}.Debug|Any CPU.Build.0 = Debug|Any CPU
		{AD256E16-A885-42A9-B7B8-762319735484}.Release|Any CPU.ActiveCfg = Release|Any CPU
		{AD256E16-A885-42A9-B7B8-762319735484}.Release|Any CPU.Build.0 = Release|Any CPU
		{5937CB21-5C46-4BF2-BEF2-ABCEACCF79D1}.Debug|Any CPU.ActiveCfg = Debug|Any CPU
		{5937CB21-5C46-4BF2-BEF2-ABCEACCF79D1}.Debug|Any CPU.Build.0 = Debug|Any CPU
		{5937CB21-5C46-4BF2-BEF2-ABCEACCF79D1}.Release|Any CPU.ActiveCfg = Release|Any CPU
		{5937CB21-5C46-4BF2-BEF2-ABCEACCF79D1}.Release|Any CPU.Build.0 = Release|Any CPU
		{7A997E54-F5AB-4C6D-9D35-F9831911B686}.Debug|Any CPU.ActiveCfg = Debug|Any CPU
		{7A997E54-F5AB-4C6D-9D35-F9831911B686}.Debug|Any CPU.Build.0 = Debug|Any CPU
		{7A997E54-F5AB-4C6D-9D35-F9831911B686}.Release|Any CPU.ActiveCfg = Release|Any CPU
		{7A997E54-F5AB-4C6D-9D35-F9831911B686}.Release|Any CPU.Build.0 = Release|Any CPU
		{085BD93B-E3A7-4374-9413-67024E296A78}.Debug|Any CPU.ActiveCfg = Debug|Any CPU
		{085BD93B-E3A7-4374-9413-67024E296A78}.Debug|Any CPU.Build.0 = Debug|Any CPU
		{085BD93B-E3A7-4374-9413-67024E296A78}.Release|Any CPU.ActiveCfg = Release|Any CPU
		{085BD93B-E3A7-4374-9413-67024E296A78}.Release|Any CPU.Build.0 = Release|Any CPU
		{C03C2EB6-53B6-4AE7-A7D9-F666370BAAC4}.Debug|Any CPU.ActiveCfg = Debug|Any CPU
		{C03C2EB6-53B6-4AE7-A7D9-F666370BAAC4}.Debug|Any CPU.Build.0 = Debug|Any CPU
		{C03C2EB6-53B6-4AE7-A7D9-F666370BAAC4}.Release|Any CPU.ActiveCfg = Release|Any CPU
		{C03C2EB6-53B6-4AE7-A7D9-F666370BAAC4}.Release|Any CPU.Build.0 = Release|Any CPU
		{FF19909C-60FE-4936-9E71-3E5CA6D98BE1}.Debug|Any CPU.ActiveCfg = Debug|Any CPU
		{FF19909C-60FE-4936-9E71-3E5CA6D98BE1}.Debug|Any CPU.Build.0 = Debug|Any CPU
		{FF19909C-60FE-4936-9E71-3E5CA6D98BE1}.Release|Any CPU.ActiveCfg = Release|Any CPU
		{FF19909C-60FE-4936-9E71-3E5CA6D98BE1}.Release|Any CPU.Build.0 = Release|Any CPU
		{8B901E31-1A77-4280-9332-507741EC3155}.Debug|Any CPU.ActiveCfg = Debug|Any CPU
		{8B901E31-1A77-4280-9332-507741EC3155}.Debug|Any CPU.Build.0 = Debug|Any CPU
		{8B901E31-1A77-4280-9332-507741EC3155}.Release|Any CPU.ActiveCfg = Release|Any CPU
		{8B901E31-1A77-4280-9332-507741EC3155}.Release|Any CPU.Build.0 = Release|Any CPU
		{BD6FD168-1E9C-4F04-9B23-D5A01805C451}.Debug|Any CPU.ActiveCfg = Debug|Any CPU
		{BD6FD168-1E9C-4F04-9B23-D5A01805C451}.Debug|Any CPU.Build.0 = Debug|Any CPU
		{BD6FD168-1E9C-4F04-9B23-D5A01805C451}.Release|Any CPU.ActiveCfg = Release|Any CPU
		{BD6FD168-1E9C-4F04-9B23-D5A01805C451}.Release|Any CPU.Build.0 = Release|Any CPU
		{EBFA89D0-29CE-4826-B3E4-B63ADAF24420}.Debug|Any CPU.ActiveCfg = Debug|Any CPU
		{EBFA89D0-29CE-4826-B3E4-B63ADAF24420}.Debug|Any CPU.Build.0 = Debug|Any CPU
		{EBFA89D0-29CE-4826-B3E4-B63ADAF24420}.Release|Any CPU.ActiveCfg = Release|Any CPU
		{EBFA89D0-29CE-4826-B3E4-B63ADAF24420}.Release|Any CPU.Build.0 = Release|Any CPU
		{55AE18C8-BF04-49C6-B1DD-C8585B8DD65D}.Debug|Any CPU.ActiveCfg = Debug|Any CPU
		{55AE18C8-BF04-49C6-B1DD-C8585B8DD65D}.Debug|Any CPU.Build.0 = Debug|Any CPU
		{55AE18C8-BF04-49C6-B1DD-C8585B8DD65D}.Release|Any CPU.ActiveCfg = Release|Any CPU
		{55AE18C8-BF04-49C6-B1DD-C8585B8DD65D}.Release|Any CPU.Build.0 = Release|Any CPU
		{9B122657-0122-49E1-BD40-E402535715EC}.Debug|Any CPU.ActiveCfg = Debug|Any CPU
		{9B122657-0122-49E1-BD40-E402535715EC}.Debug|Any CPU.Build.0 = Debug|Any CPU
		{9B122657-0122-49E1-BD40-E402535715EC}.Release|Any CPU.ActiveCfg = Release|Any CPU
		{9B122657-0122-49E1-BD40-E402535715EC}.Release|Any CPU.Build.0 = Release|Any CPU
		{1B229342-772F-425A-AED2-9D1024A94EB4}.Debug|Any CPU.ActiveCfg = Debug|Any CPU
		{1B229342-772F-425A-AED2-9D1024A94EB4}.Debug|Any CPU.Build.0 = Debug|Any CPU
		{1B229342-772F-425A-AED2-9D1024A94EB4}.Release|Any CPU.ActiveCfg = Release|Any CPU
		{1B229342-772F-425A-AED2-9D1024A94EB4}.Release|Any CPU.Build.0 = Release|Any CPU
		{27D84E4A-879D-4012-A0AA-D2E5B9A2BF5D}.Debug|Any CPU.ActiveCfg = Debug|Any CPU
		{27D84E4A-879D-4012-A0AA-D2E5B9A2BF5D}.Debug|Any CPU.Build.0 = Debug|Any CPU
		{27D84E4A-879D-4012-A0AA-D2E5B9A2BF5D}.Release|Any CPU.ActiveCfg = Release|Any CPU
		{27D84E4A-879D-4012-A0AA-D2E5B9A2BF5D}.Release|Any CPU.Build.0 = Release|Any CPU
		{03EDA0E2-9BA2-4BD8-B314-468B33567790}.Debug|Any CPU.ActiveCfg = Debug|Any CPU
		{03EDA0E2-9BA2-4BD8-B314-468B33567790}.Debug|Any CPU.Build.0 = Debug|Any CPU
		{03EDA0E2-9BA2-4BD8-B314-468B33567790}.Release|Any CPU.ActiveCfg = Release|Any CPU
		{03EDA0E2-9BA2-4BD8-B314-468B33567790}.Release|Any CPU.Build.0 = Release|Any CPU
		{12636E8F-C53E-4656-AB90-2BEEED16439E}.Debug|Any CPU.ActiveCfg = Debug|Any CPU
		{12636E8F-C53E-4656-AB90-2BEEED16439E}.Debug|Any CPU.Build.0 = Debug|Any CPU
		{12636E8F-C53E-4656-AB90-2BEEED16439E}.Release|Any CPU.ActiveCfg = Release|Any CPU
		{12636E8F-C53E-4656-AB90-2BEEED16439E}.Release|Any CPU.Build.0 = Release|Any CPU
		{7E61D430-E2E0-4C10-8E97-CBDD6D315F8D}.Debug|Any CPU.ActiveCfg = Debug|Any CPU
		{7E61D430-E2E0-4C10-8E97-CBDD6D315F8D}.Debug|Any CPU.Build.0 = Debug|Any CPU
		{7E61D430-E2E0-4C10-8E97-CBDD6D315F8D}.Release|Any CPU.ActiveCfg = Release|Any CPU
		{7E61D430-E2E0-4C10-8E97-CBDD6D315F8D}.Release|Any CPU.Build.0 = Release|Any CPU
		{169769D8-FFA5-4490-B02E-387100BBAA21}.Debug|Any CPU.ActiveCfg = Debug|Any CPU
		{169769D8-FFA5-4490-B02E-387100BBAA21}.Debug|Any CPU.Build.0 = Debug|Any CPU
		{169769D8-FFA5-4490-B02E-387100BBAA21}.Release|Any CPU.ActiveCfg = Release|Any CPU
		{169769D8-FFA5-4490-B02E-387100BBAA21}.Release|Any CPU.Build.0 = Release|Any CPU
		{ACFF97D1-18B7-4458-BA53-8A89468E18AB}.Debug|Any CPU.ActiveCfg = Debug|Any CPU
		{ACFF97D1-18B7-4458-BA53-8A89468E18AB}.Debug|Any CPU.Build.0 = Debug|Any CPU
		{ACFF97D1-18B7-4458-BA53-8A89468E18AB}.Release|Any CPU.ActiveCfg = Release|Any CPU
		{ACFF97D1-18B7-4458-BA53-8A89468E18AB}.Release|Any CPU.Build.0 = Release|Any CPU
		{800D2300-D2D8-4166-852C-7C1CF2F5133A}.Debug|Any CPU.ActiveCfg = Debug|Any CPU
		{800D2300-D2D8-4166-852C-7C1CF2F5133A}.Debug|Any CPU.Build.0 = Debug|Any CPU
		{800D2300-D2D8-4166-852C-7C1CF2F5133A}.Release|Any CPU.ActiveCfg = Release|Any CPU
		{800D2300-D2D8-4166-852C-7C1CF2F5133A}.Release|Any CPU.Build.0 = Release|Any CPU
		{D7818C92-1306-42AE-A1D6-D316B4C4BB87}.Debug|Any CPU.ActiveCfg = Debug|Any CPU
		{D7818C92-1306-42AE-A1D6-D316B4C4BB87}.Debug|Any CPU.Build.0 = Debug|Any CPU
		{D7818C92-1306-42AE-A1D6-D316B4C4BB87}.Release|Any CPU.ActiveCfg = Release|Any CPU
		{D7818C92-1306-42AE-A1D6-D316B4C4BB87}.Release|Any CPU.Build.0 = Release|Any CPU
		{FE4FCC06-DB20-44D9-BE5F-77A785D2AF2D}.Debug|Any CPU.ActiveCfg = Debug|Any CPU
		{FE4FCC06-DB20-44D9-BE5F-77A785D2AF2D}.Debug|Any CPU.Build.0 = Debug|Any CPU
		{FE4FCC06-DB20-44D9-BE5F-77A785D2AF2D}.Release|Any CPU.ActiveCfg = Release|Any CPU
		{FE4FCC06-DB20-44D9-BE5F-77A785D2AF2D}.Release|Any CPU.Build.0 = Release|Any CPU
		{6ED56D26-121E-40D3-8BC8-E1E050C8555B}.Debug|Any CPU.ActiveCfg = Debug|Any CPU
		{6ED56D26-121E-40D3-8BC8-E1E050C8555B}.Debug|Any CPU.Build.0 = Debug|Any CPU
		{6ED56D26-121E-40D3-8BC8-E1E050C8555B}.Release|Any CPU.ActiveCfg = Release|Any CPU
		{6ED56D26-121E-40D3-8BC8-E1E050C8555B}.Release|Any CPU.Build.0 = Release|Any CPU
		{8F630985-B230-486A-9188-1100782B12FB}.Debug|Any CPU.ActiveCfg = Debug|Any CPU
		{8F630985-B230-486A-9188-1100782B12FB}.Debug|Any CPU.Build.0 = Debug|Any CPU
		{8F630985-B230-486A-9188-1100782B12FB}.Release|Any CPU.ActiveCfg = Release|Any CPU
		{8F630985-B230-486A-9188-1100782B12FB}.Release|Any CPU.Build.0 = Release|Any CPU
		{8E71AD6C-85EA-4DF6-84CD-96263BB6FF17}.Debug|Any CPU.ActiveCfg = Debug|Any CPU
		{8E71AD6C-85EA-4DF6-84CD-96263BB6FF17}.Debug|Any CPU.Build.0 = Debug|Any CPU
		{8E71AD6C-85EA-4DF6-84CD-96263BB6FF17}.Release|Any CPU.ActiveCfg = Release|Any CPU
		{8E71AD6C-85EA-4DF6-84CD-96263BB6FF17}.Release|Any CPU.Build.0 = Release|Any CPU
		{B5D15572-D046-4574-9E14-AFC41D2EB3A6}.Debug|Any CPU.ActiveCfg = Debug|Any CPU
		{B5D15572-D046-4574-9E14-AFC41D2EB3A6}.Debug|Any CPU.Build.0 = Debug|Any CPU
		{B5D15572-D046-4574-9E14-AFC41D2EB3A6}.Release|Any CPU.ActiveCfg = Release|Any CPU
		{B5D15572-D046-4574-9E14-AFC41D2EB3A6}.Release|Any CPU.Build.0 = Release|Any CPU
		{49F6C70C-70A6-456F-BA23-4419DAA70437}.Debug|Any CPU.ActiveCfg = Debug|Any CPU
		{49F6C70C-70A6-456F-BA23-4419DAA70437}.Debug|Any CPU.Build.0 = Debug|Any CPU
		{49F6C70C-70A6-456F-BA23-4419DAA70437}.Release|Any CPU.ActiveCfg = Release|Any CPU
		{49F6C70C-70A6-456F-BA23-4419DAA70437}.Release|Any CPU.Build.0 = Release|Any CPU
		{941B096C-8417-4886-A853-B3111930AFC7}.Debug|Any CPU.ActiveCfg = Debug|Any CPU
		{941B096C-8417-4886-A853-B3111930AFC7}.Debug|Any CPU.Build.0 = Debug|Any CPU
		{941B096C-8417-4886-A853-B3111930AFC7}.Release|Any CPU.ActiveCfg = Release|Any CPU
		{941B096C-8417-4886-A853-B3111930AFC7}.Release|Any CPU.Build.0 = Release|Any CPU
		{B3C370A9-3DAC-4C22-B409-D287B2F8A830}.Debug|Any CPU.ActiveCfg = Debug|Any CPU
		{B3C370A9-3DAC-4C22-B409-D287B2F8A830}.Debug|Any CPU.Build.0 = Debug|Any CPU
		{B3C370A9-3DAC-4C22-B409-D287B2F8A830}.Release|Any CPU.ActiveCfg = Release|Any CPU
		{B3C370A9-3DAC-4C22-B409-D287B2F8A830}.Release|Any CPU.Build.0 = Release|Any CPU
		{86199858-B873-42F5-A31E-0C199CF75DC4}.Debug|Any CPU.ActiveCfg = Debug|Any CPU
		{86199858-B873-42F5-A31E-0C199CF75DC4}.Debug|Any CPU.Build.0 = Debug|Any CPU
		{86199858-B873-42F5-A31E-0C199CF75DC4}.Release|Any CPU.ActiveCfg = Release|Any CPU
		{86199858-B873-42F5-A31E-0C199CF75DC4}.Release|Any CPU.Build.0 = Release|Any CPU
		{E1AE3480-50B5-4B62-A1C8-C6B8651C3FB6}.Debug|Any CPU.ActiveCfg = Debug|Any CPU
		{E1AE3480-50B5-4B62-A1C8-C6B8651C3FB6}.Debug|Any CPU.Build.0 = Debug|Any CPU
		{E1AE3480-50B5-4B62-A1C8-C6B8651C3FB6}.Release|Any CPU.ActiveCfg = Release|Any CPU
		{E1AE3480-50B5-4B62-A1C8-C6B8651C3FB6}.Release|Any CPU.Build.0 = Release|Any CPU
		{D06FB77C-D0A8-41E1-A1F1-7924C54C781B}.Debug|Any CPU.ActiveCfg = Debug|Any CPU
		{D06FB77C-D0A8-41E1-A1F1-7924C54C781B}.Debug|Any CPU.Build.0 = Debug|Any CPU
		{D06FB77C-D0A8-41E1-A1F1-7924C54C781B}.Release|Any CPU.ActiveCfg = Release|Any CPU
		{D06FB77C-D0A8-41E1-A1F1-7924C54C781B}.Release|Any CPU.Build.0 = Release|Any CPU
		{AAD2EA67-406D-4F16-B8EC-61B5E1DE2B9B}.Debug|Any CPU.ActiveCfg = Debug|Any CPU
		{AAD2EA67-406D-4F16-B8EC-61B5E1DE2B9B}.Debug|Any CPU.Build.0 = Debug|Any CPU
		{AAD2EA67-406D-4F16-B8EC-61B5E1DE2B9B}.Release|Any CPU.ActiveCfg = Release|Any CPU
		{AAD2EA67-406D-4F16-B8EC-61B5E1DE2B9B}.Release|Any CPU.Build.0 = Release|Any CPU
		{312FD1EB-AB71-46AC-A360-94F1D366A06B}.Debug|Any CPU.ActiveCfg = Debug|Any CPU
		{312FD1EB-AB71-46AC-A360-94F1D366A06B}.Debug|Any CPU.Build.0 = Debug|Any CPU
		{312FD1EB-AB71-46AC-A360-94F1D366A06B}.Release|Any CPU.ActiveCfg = Release|Any CPU
		{312FD1EB-AB71-46AC-A360-94F1D366A06B}.Release|Any CPU.Build.0 = Release|Any CPU
		{CFC66710-2B7D-4C82-855E-D66382D95DBA}.Debug|Any CPU.ActiveCfg = Debug|Any CPU
		{CFC66710-2B7D-4C82-855E-D66382D95DBA}.Debug|Any CPU.Build.0 = Debug|Any CPU
		{CFC66710-2B7D-4C82-855E-D66382D95DBA}.Release|Any CPU.ActiveCfg = Release|Any CPU
		{CFC66710-2B7D-4C82-855E-D66382D95DBA}.Release|Any CPU.Build.0 = Release|Any CPU
		{1C424CFA-6C42-4569-BE9B-0A999D3B5589}.Debug|Any CPU.ActiveCfg = Debug|Any CPU
		{1C424CFA-6C42-4569-BE9B-0A999D3B5589}.Debug|Any CPU.Build.0 = Debug|Any CPU
		{1C424CFA-6C42-4569-BE9B-0A999D3B5589}.Release|Any CPU.ActiveCfg = Release|Any CPU
		{1C424CFA-6C42-4569-BE9B-0A999D3B5589}.Release|Any CPU.Build.0 = Release|Any CPU
		{97A5687A-47C6-4025-B0F7-C79001C80F9A}.Debug|Any CPU.ActiveCfg = Debug|Any CPU
		{97A5687A-47C6-4025-B0F7-C79001C80F9A}.Debug|Any CPU.Build.0 = Debug|Any CPU
		{97A5687A-47C6-4025-B0F7-C79001C80F9A}.Release|Any CPU.ActiveCfg = Release|Any CPU
		{97A5687A-47C6-4025-B0F7-C79001C80F9A}.Release|Any CPU.Build.0 = Release|Any CPU
		{FC931411-815A-43D5-A647-7A583CB8AEB4}.Debug|Any CPU.ActiveCfg = Debug|Any CPU
		{FC931411-815A-43D5-A647-7A583CB8AEB4}.Debug|Any CPU.Build.0 = Debug|Any CPU
		{FC931411-815A-43D5-A647-7A583CB8AEB4}.Release|Any CPU.ActiveCfg = Release|Any CPU
		{FC931411-815A-43D5-A647-7A583CB8AEB4}.Release|Any CPU.Build.0 = Release|Any CPU
		{13B435B5-4964-4FFC-9498-8DD4DB998EF8}.Debug|Any CPU.ActiveCfg = Debug|Any CPU
		{13B435B5-4964-4FFC-9498-8DD4DB998EF8}.Debug|Any CPU.Build.0 = Debug|Any CPU
		{13B435B5-4964-4FFC-9498-8DD4DB998EF8}.Release|Any CPU.ActiveCfg = Release|Any CPU
		{13B435B5-4964-4FFC-9498-8DD4DB998EF8}.Release|Any CPU.Build.0 = Release|Any CPU
		{F566EB93-442C-4904-9858-9C8C53ADC388}.Debug|Any CPU.ActiveCfg = Debug|Any CPU
		{F566EB93-442C-4904-9858-9C8C53ADC388}.Debug|Any CPU.Build.0 = Debug|Any CPU
		{F566EB93-442C-4904-9858-9C8C53ADC388}.Release|Any CPU.ActiveCfg = Release|Any CPU
		{F566EB93-442C-4904-9858-9C8C53ADC388}.Release|Any CPU.Build.0 = Release|Any CPU
		{BF782B17-4716-42DE-8736-814431BD9CDE}.Debug|Any CPU.ActiveCfg = Debug|Any CPU
		{BF782B17-4716-42DE-8736-814431BD9CDE}.Debug|Any CPU.Build.0 = Debug|Any CPU
		{BF782B17-4716-42DE-8736-814431BD9CDE}.Release|Any CPU.ActiveCfg = Release|Any CPU
		{BF782B17-4716-42DE-8736-814431BD9CDE}.Release|Any CPU.Build.0 = Release|Any CPU
		{0D2A0962-F767-437B-BD8E-72899AD8F065}.Debug|Any CPU.ActiveCfg = Debug|Any CPU
		{0D2A0962-F767-437B-BD8E-72899AD8F065}.Debug|Any CPU.Build.0 = Debug|Any CPU
		{0D2A0962-F767-437B-BD8E-72899AD8F065}.Release|Any CPU.ActiveCfg = Release|Any CPU
		{0D2A0962-F767-437B-BD8E-72899AD8F065}.Release|Any CPU.Build.0 = Release|Any CPU
		{7A788460-69B9-4AFF-AE36-A160D47C9A8C}.Debug|Any CPU.ActiveCfg = Debug|Any CPU
		{7A788460-69B9-4AFF-AE36-A160D47C9A8C}.Debug|Any CPU.Build.0 = Debug|Any CPU
		{7A788460-69B9-4AFF-AE36-A160D47C9A8C}.Release|Any CPU.ActiveCfg = Release|Any CPU
		{7A788460-69B9-4AFF-AE36-A160D47C9A8C}.Release|Any CPU.Build.0 = Release|Any CPU
		{C3E10606-72B2-4FD3-9E5F-02D71CCDEAF2}.Debug|Any CPU.ActiveCfg = Debug|Any CPU
		{C3E10606-72B2-4FD3-9E5F-02D71CCDEAF2}.Debug|Any CPU.Build.0 = Debug|Any CPU
		{C3E10606-72B2-4FD3-9E5F-02D71CCDEAF2}.Release|Any CPU.ActiveCfg = Release|Any CPU
		{C3E10606-72B2-4FD3-9E5F-02D71CCDEAF2}.Release|Any CPU.Build.0 = Release|Any CPU
		{114B78D3-039B-4666-A30B-AF1F67FDE17E}.Debug|Any CPU.ActiveCfg = Debug|Any CPU
		{114B78D3-039B-4666-A30B-AF1F67FDE17E}.Debug|Any CPU.Build.0 = Debug|Any CPU
		{114B78D3-039B-4666-A30B-AF1F67FDE17E}.Release|Any CPU.ActiveCfg = Release|Any CPU
		{114B78D3-039B-4666-A30B-AF1F67FDE17E}.Release|Any CPU.Build.0 = Release|Any CPU
		{8C4020CB-E031-4AA4-8480-B8CCA76EA98C}.Debug|Any CPU.ActiveCfg = Debug|Any CPU
		{8C4020CB-E031-4AA4-8480-B8CCA76EA98C}.Debug|Any CPU.Build.0 = Debug|Any CPU
		{8C4020CB-E031-4AA4-8480-B8CCA76EA98C}.Release|Any CPU.ActiveCfg = Release|Any CPU
		{8C4020CB-E031-4AA4-8480-B8CCA76EA98C}.Release|Any CPU.Build.0 = Release|Any CPU
		{33B37904-25D6-4192-A55B-122209248273}.Debug|Any CPU.ActiveCfg = Debug|Any CPU
		{33B37904-25D6-4192-A55B-122209248273}.Debug|Any CPU.Build.0 = Debug|Any CPU
		{33B37904-25D6-4192-A55B-122209248273}.Release|Any CPU.ActiveCfg = Release|Any CPU
		{33B37904-25D6-4192-A55B-122209248273}.Release|Any CPU.Build.0 = Release|Any CPU
		{3681DFF2-B84F-489B-9E46-86B6419DFA37}.Debug|Any CPU.ActiveCfg = Debug|Any CPU
		{3681DFF2-B84F-489B-9E46-86B6419DFA37}.Debug|Any CPU.Build.0 = Debug|Any CPU
		{3681DFF2-B84F-489B-9E46-86B6419DFA37}.Release|Any CPU.ActiveCfg = Release|Any CPU
		{3681DFF2-B84F-489B-9E46-86B6419DFA37}.Release|Any CPU.Build.0 = Release|Any CPU
		{5F6DCD25-118B-4E5B-8A1F-A3560618EA2F}.Debug|Any CPU.ActiveCfg = Debug|Any CPU
		{5F6DCD25-118B-4E5B-8A1F-A3560618EA2F}.Debug|Any CPU.Build.0 = Debug|Any CPU
		{5F6DCD25-118B-4E5B-8A1F-A3560618EA2F}.Release|Any CPU.ActiveCfg = Release|Any CPU
		{5F6DCD25-118B-4E5B-8A1F-A3560618EA2F}.Release|Any CPU.Build.0 = Release|Any CPU
		{20AA41CE-8AD1-4302-A645-2C886BE0589D}.Debug|Any CPU.ActiveCfg = Debug|Any CPU
		{20AA41CE-8AD1-4302-A645-2C886BE0589D}.Debug|Any CPU.Build.0 = Debug|Any CPU
		{20AA41CE-8AD1-4302-A645-2C886BE0589D}.Release|Any CPU.ActiveCfg = Release|Any CPU
		{20AA41CE-8AD1-4302-A645-2C886BE0589D}.Release|Any CPU.Build.0 = Release|Any CPU
		{AA326F13-E666-415B-A362-123984C5186A}.Debug|Any CPU.ActiveCfg = Debug|Any CPU
		{AA326F13-E666-415B-A362-123984C5186A}.Debug|Any CPU.Build.0 = Debug|Any CPU
		{AA326F13-E666-415B-A362-123984C5186A}.Release|Any CPU.ActiveCfg = Release|Any CPU
		{AA326F13-E666-415B-A362-123984C5186A}.Release|Any CPU.Build.0 = Release|Any CPU
		{D6EEC5BD-C706-4B45-A6EE-4D619565E32E}.Debug|Any CPU.ActiveCfg = Debug|Any CPU
		{D6EEC5BD-C706-4B45-A6EE-4D619565E32E}.Debug|Any CPU.Build.0 = Debug|Any CPU
		{D6EEC5BD-C706-4B45-A6EE-4D619565E32E}.Release|Any CPU.ActiveCfg = Release|Any CPU
		{D6EEC5BD-C706-4B45-A6EE-4D619565E32E}.Release|Any CPU.Build.0 = Release|Any CPU
		{AD60D190-8683-4DD6-9962-7B57FC74E3AB}.Debug|Any CPU.ActiveCfg = Debug|Any CPU
		{AD60D190-8683-4DD6-9962-7B57FC74E3AB}.Debug|Any CPU.Build.0 = Debug|Any CPU
		{AD60D190-8683-4DD6-9962-7B57FC74E3AB}.Release|Any CPU.ActiveCfg = Release|Any CPU
		{AD60D190-8683-4DD6-9962-7B57FC74E3AB}.Release|Any CPU.Build.0 = Release|Any CPU
		{28630259-4C95-4CAE-9575-3D21744F7E29}.Debug|Any CPU.ActiveCfg = Debug|Any CPU
		{28630259-4C95-4CAE-9575-3D21744F7E29}.Debug|Any CPU.Build.0 = Debug|Any CPU
		{28630259-4C95-4CAE-9575-3D21744F7E29}.Release|Any CPU.ActiveCfg = Release|Any CPU
		{28630259-4C95-4CAE-9575-3D21744F7E29}.Release|Any CPU.Build.0 = Release|Any CPU
		{2C57053C-A41E-44AC-9D11-8D2380EBE80D}.Debug|Any CPU.ActiveCfg = Debug|Any CPU
		{2C57053C-A41E-44AC-9D11-8D2380EBE80D}.Debug|Any CPU.Build.0 = Debug|Any CPU
		{2C57053C-A41E-44AC-9D11-8D2380EBE80D}.Release|Any CPU.ActiveCfg = Release|Any CPU
		{2C57053C-A41E-44AC-9D11-8D2380EBE80D}.Release|Any CPU.Build.0 = Release|Any CPU
		{41AF66F4-7813-4A08-AD9F-F8C383D63384}.Debug|Any CPU.ActiveCfg = Debug|Any CPU
		{41AF66F4-7813-4A08-AD9F-F8C383D63384}.Debug|Any CPU.Build.0 = Debug|Any CPU
		{41AF66F4-7813-4A08-AD9F-F8C383D63384}.Release|Any CPU.ActiveCfg = Release|Any CPU
		{41AF66F4-7813-4A08-AD9F-F8C383D63384}.Release|Any CPU.Build.0 = Release|Any CPU
		{6CEA9D03-5060-4E2D-8F8E-9D3F2703D9F9}.Debug|Any CPU.ActiveCfg = Debug|Any CPU
		{6CEA9D03-5060-4E2D-8F8E-9D3F2703D9F9}.Debug|Any CPU.Build.0 = Debug|Any CPU
		{6CEA9D03-5060-4E2D-8F8E-9D3F2703D9F9}.Release|Any CPU.ActiveCfg = Release|Any CPU
		{6CEA9D03-5060-4E2D-8F8E-9D3F2703D9F9}.Release|Any CPU.Build.0 = Release|Any CPU
		{070303BF-C6F2-4A4E-8FE7-A62669E75556}.Debug|Any CPU.ActiveCfg = Debug|Any CPU
		{070303BF-C6F2-4A4E-8FE7-A62669E75556}.Debug|Any CPU.Build.0 = Debug|Any CPU
		{070303BF-C6F2-4A4E-8FE7-A62669E75556}.Release|Any CPU.ActiveCfg = Release|Any CPU
		{070303BF-C6F2-4A4E-8FE7-A62669E75556}.Release|Any CPU.Build.0 = Release|Any CPU
		{D9825623-C5FA-4C38-AB71-9DD2E251B587}.Debug|Any CPU.ActiveCfg = Debug|Any CPU
		{D9825623-C5FA-4C38-AB71-9DD2E251B587}.Debug|Any CPU.Build.0 = Debug|Any CPU
		{D9825623-C5FA-4C38-AB71-9DD2E251B587}.Release|Any CPU.ActiveCfg = Release|Any CPU
		{D9825623-C5FA-4C38-AB71-9DD2E251B587}.Release|Any CPU.Build.0 = Release|Any CPU
		{BB4B9797-1222-4821-9EBF-E4EC889EDC12}.Debug|Any CPU.ActiveCfg = Debug|Any CPU
		{BB4B9797-1222-4821-9EBF-E4EC889EDC12}.Debug|Any CPU.Build.0 = Debug|Any CPU
		{BB4B9797-1222-4821-9EBF-E4EC889EDC12}.Release|Any CPU.ActiveCfg = Release|Any CPU
		{BB4B9797-1222-4821-9EBF-E4EC889EDC12}.Release|Any CPU.Build.0 = Release|Any CPU
		{99C0C6F9-FC0B-4752-BE6F-3AE227D753B1}.Debug|Any CPU.ActiveCfg = Debug|Any CPU
		{99C0C6F9-FC0B-4752-BE6F-3AE227D753B1}.Debug|Any CPU.Build.0 = Debug|Any CPU
		{99C0C6F9-FC0B-4752-BE6F-3AE227D753B1}.Release|Any CPU.ActiveCfg = Release|Any CPU
		{99C0C6F9-FC0B-4752-BE6F-3AE227D753B1}.Release|Any CPU.Build.0 = Release|Any CPU
		{5EE03FA7-34B0-4888-B791-97D779167296}.Debug|Any CPU.ActiveCfg = Debug|Any CPU
		{5EE03FA7-34B0-4888-B791-97D779167296}.Debug|Any CPU.Build.0 = Debug|Any CPU
		{5EE03FA7-34B0-4888-B791-97D779167296}.Release|Any CPU.ActiveCfg = Release|Any CPU
		{5EE03FA7-34B0-4888-B791-97D779167296}.Release|Any CPU.Build.0 = Release|Any CPU
		{7B160E6C-A7AB-4C6E-9B44-E92AB524D2E7}.Debug|Any CPU.ActiveCfg = Debug|Any CPU
		{7B160E6C-A7AB-4C6E-9B44-E92AB524D2E7}.Debug|Any CPU.Build.0 = Debug|Any CPU
		{7B160E6C-A7AB-4C6E-9B44-E92AB524D2E7}.Release|Any CPU.ActiveCfg = Release|Any CPU
		{7B160E6C-A7AB-4C6E-9B44-E92AB524D2E7}.Release|Any CPU.Build.0 = Release|Any CPU
		{A3C5361D-3145-411F-AFC4-B8FF6077D7DF}.Debug|Any CPU.ActiveCfg = Debug|Any CPU
		{A3C5361D-3145-411F-AFC4-B8FF6077D7DF}.Debug|Any CPU.Build.0 = Debug|Any CPU
		{A3C5361D-3145-411F-AFC4-B8FF6077D7DF}.Release|Any CPU.ActiveCfg = Release|Any CPU
		{A3C5361D-3145-411F-AFC4-B8FF6077D7DF}.Release|Any CPU.Build.0 = Release|Any CPU
		{0C9D7ED5-FF3A-462F-8618-316D662643E7}.Debug|Any CPU.ActiveCfg = Debug|Any CPU
		{0C9D7ED5-FF3A-462F-8618-316D662643E7}.Debug|Any CPU.Build.0 = Debug|Any CPU
		{0C9D7ED5-FF3A-462F-8618-316D662643E7}.Release|Any CPU.ActiveCfg = Release|Any CPU
		{0C9D7ED5-FF3A-462F-8618-316D662643E7}.Release|Any CPU.Build.0 = Release|Any CPU
		{A1F53069-CF66-41F1-B8BD-475647DF4480}.Debug|Any CPU.ActiveCfg = Debug|Any CPU
		{A1F53069-CF66-41F1-B8BD-475647DF4480}.Debug|Any CPU.Build.0 = Debug|Any CPU
		{A1F53069-CF66-41F1-B8BD-475647DF4480}.Release|Any CPU.ActiveCfg = Release|Any CPU
		{A1F53069-CF66-41F1-B8BD-475647DF4480}.Release|Any CPU.Build.0 = Release|Any CPU
		{4ED0AC61-F02A-4E12-9B0F-426D84DB01FD}.Debug|Any CPU.ActiveCfg = Debug|Any CPU
		{4ED0AC61-F02A-4E12-9B0F-426D84DB01FD}.Debug|Any CPU.Build.0 = Debug|Any CPU
		{4ED0AC61-F02A-4E12-9B0F-426D84DB01FD}.Release|Any CPU.ActiveCfg = Release|Any CPU
		{4ED0AC61-F02A-4E12-9B0F-426D84DB01FD}.Release|Any CPU.Build.0 = Release|Any CPU
		{FFEB9E20-726E-44BF-8637-12DB1D57A0D7}.Debug|Any CPU.ActiveCfg = Debug|Any CPU
		{FFEB9E20-726E-44BF-8637-12DB1D57A0D7}.Debug|Any CPU.Build.0 = Debug|Any CPU
		{FFEB9E20-726E-44BF-8637-12DB1D57A0D7}.Release|Any CPU.ActiveCfg = Release|Any CPU
		{FFEB9E20-726E-44BF-8637-12DB1D57A0D7}.Release|Any CPU.Build.0 = Release|Any CPU
		{A9B3E46B-42C4-40DB-B56F-04385C8FA989}.Debug|Any CPU.ActiveCfg = Debug|Any CPU
		{A9B3E46B-42C4-40DB-B56F-04385C8FA989}.Debug|Any CPU.Build.0 = Debug|Any CPU
		{A9B3E46B-42C4-40DB-B56F-04385C8FA989}.Release|Any CPU.ActiveCfg = Release|Any CPU
		{A9B3E46B-42C4-40DB-B56F-04385C8FA989}.Release|Any CPU.Build.0 = Release|Any CPU
		{B7291C8A-5425-487D-9233-A8C592B5D899}.Debug|Any CPU.ActiveCfg = Debug|Any CPU
		{B7291C8A-5425-487D-9233-A8C592B5D899}.Debug|Any CPU.Build.0 = Debug|Any CPU
		{B7291C8A-5425-487D-9233-A8C592B5D899}.Release|Any CPU.ActiveCfg = Release|Any CPU
		{B7291C8A-5425-487D-9233-A8C592B5D899}.Release|Any CPU.Build.0 = Release|Any CPU
		{51B0D940-27F4-4065-8D11-BF942DC15CE7}.Debug|Any CPU.ActiveCfg = Debug|Any CPU
		{51B0D940-27F4-4065-8D11-BF942DC15CE7}.Debug|Any CPU.Build.0 = Debug|Any CPU
		{51B0D940-27F4-4065-8D11-BF942DC15CE7}.Release|Any CPU.ActiveCfg = Release|Any CPU
		{51B0D940-27F4-4065-8D11-BF942DC15CE7}.Release|Any CPU.Build.0 = Release|Any CPU
		{83130EDE-0ABB-4444-84A9-96F68B8F565A}.Debug|Any CPU.ActiveCfg = Debug|Any CPU
		{83130EDE-0ABB-4444-84A9-96F68B8F565A}.Debug|Any CPU.Build.0 = Debug|Any CPU
		{83130EDE-0ABB-4444-84A9-96F68B8F565A}.Release|Any CPU.ActiveCfg = Release|Any CPU
		{83130EDE-0ABB-4444-84A9-96F68B8F565A}.Release|Any CPU.Build.0 = Release|Any CPU
		{F6E9F301-91E2-4D97-8D58-4BF04408773B}.Debug|Any CPU.ActiveCfg = Debug|Any CPU
		{F6E9F301-91E2-4D97-8D58-4BF04408773B}.Debug|Any CPU.Build.0 = Debug|Any CPU
		{F6E9F301-91E2-4D97-8D58-4BF04408773B}.Release|Any CPU.ActiveCfg = Release|Any CPU
		{F6E9F301-91E2-4D97-8D58-4BF04408773B}.Release|Any CPU.Build.0 = Release|Any CPU
		{2EDE60F6-1365-4A96-BC4C-2667E0A6465D}.Debug|Any CPU.ActiveCfg = Debug|Any CPU
		{2EDE60F6-1365-4A96-BC4C-2667E0A6465D}.Debug|Any CPU.Build.0 = Debug|Any CPU
		{2EDE60F6-1365-4A96-BC4C-2667E0A6465D}.Release|Any CPU.ActiveCfg = Release|Any CPU
		{2EDE60F6-1365-4A96-BC4C-2667E0A6465D}.Release|Any CPU.Build.0 = Release|Any CPU
		{E2FDF0E0-57A3-4482-A6A7-40D2A43D5769}.Debug|Any CPU.ActiveCfg = Debug|Any CPU
		{E2FDF0E0-57A3-4482-A6A7-40D2A43D5769}.Debug|Any CPU.Build.0 = Debug|Any CPU
		{E2FDF0E0-57A3-4482-A6A7-40D2A43D5769}.Release|Any CPU.ActiveCfg = Release|Any CPU
		{E2FDF0E0-57A3-4482-A6A7-40D2A43D5769}.Release|Any CPU.Build.0 = Release|Any CPU
		{813BFC6C-C03C-448C-B134-3A5E21BECF0B}.Debug|Any CPU.ActiveCfg = Debug|Any CPU
		{813BFC6C-C03C-448C-B134-3A5E21BECF0B}.Debug|Any CPU.Build.0 = Debug|Any CPU
		{813BFC6C-C03C-448C-B134-3A5E21BECF0B}.Release|Any CPU.ActiveCfg = Release|Any CPU
		{813BFC6C-C03C-448C-B134-3A5E21BECF0B}.Release|Any CPU.Build.0 = Release|Any CPU
		{4087EA74-4834-4DF3-BDD3-EB9010353A31}.Debug|Any CPU.ActiveCfg = Debug|Any CPU
		{4087EA74-4834-4DF3-BDD3-EB9010353A31}.Debug|Any CPU.Build.0 = Debug|Any CPU
		{4087EA74-4834-4DF3-BDD3-EB9010353A31}.Release|Any CPU.ActiveCfg = Release|Any CPU
		{4087EA74-4834-4DF3-BDD3-EB9010353A31}.Release|Any CPU.Build.0 = Release|Any CPU
		{1FFC2B90-DF88-46BF-A293-9C3FDCD5887C}.Debug|Any CPU.ActiveCfg = Debug|Any CPU
		{1FFC2B90-DF88-46BF-A293-9C3FDCD5887C}.Debug|Any CPU.Build.0 = Debug|Any CPU
		{1FFC2B90-DF88-46BF-A293-9C3FDCD5887C}.Release|Any CPU.ActiveCfg = Release|Any CPU
		{1FFC2B90-DF88-46BF-A293-9C3FDCD5887C}.Release|Any CPU.Build.0 = Release|Any CPU
		{921C6711-329D-4E44-908A-E9E6BA3385F8}.Debug|Any CPU.ActiveCfg = Debug|Any CPU
		{921C6711-329D-4E44-908A-E9E6BA3385F8}.Debug|Any CPU.Build.0 = Debug|Any CPU
		{921C6711-329D-4E44-908A-E9E6BA3385F8}.Release|Any CPU.ActiveCfg = Release|Any CPU
		{921C6711-329D-4E44-908A-E9E6BA3385F8}.Release|Any CPU.Build.0 = Release|Any CPU
		{C8A6E618-E04C-439E-91BF-901A09D059A9}.Debug|Any CPU.ActiveCfg = Debug|Any CPU
		{C8A6E618-E04C-439E-91BF-901A09D059A9}.Debug|Any CPU.Build.0 = Debug|Any CPU
		{C8A6E618-E04C-439E-91BF-901A09D059A9}.Release|Any CPU.ActiveCfg = Release|Any CPU
		{C8A6E618-E04C-439E-91BF-901A09D059A9}.Release|Any CPU.Build.0 = Release|Any CPU
		{4559ED39-9FCF-4325-927A-AB9B643B5D99}.Debug|Any CPU.ActiveCfg = Debug|Any CPU
		{4559ED39-9FCF-4325-927A-AB9B643B5D99}.Debug|Any CPU.Build.0 = Debug|Any CPU
		{4559ED39-9FCF-4325-927A-AB9B643B5D99}.Release|Any CPU.ActiveCfg = Release|Any CPU
		{4559ED39-9FCF-4325-927A-AB9B643B5D99}.Release|Any CPU.Build.0 = Release|Any CPU
	EndGlobalSection
	GlobalSection(SolutionProperties) = preSolution
		HideSolutionNode = FALSE
	EndGlobalSection
	GlobalSection(ExtensibilityGlobals) = postSolution
		SolutionGuid = {5B7B0D90-2E7C-4497-9615-04FE6BB9F4B0}
	EndGlobalSection
EndGlobal
